
Microsoft Visual Studio Solution File, Format Version 12.00
# Visual Studio Version 17
VisualStudioVersion = 17.1.32210.238
MinimumVisualStudioVersion = 10.0.40219.1
Project("{FAE04EC0-301F-11D3-BF4B-00C04F79EFBC}") = "WebAPI", "FireBird\WebAPI.csproj", "{9FB5279B-8B0C-4EC0-A246-1ABFF1528D1F}"
EndProject
Project("{FAE04EC0-301F-11D3-BF4B-00C04F79EFBC}") = "Domain", "Domain\Domain.csproj", "{BADE9959-5C76-4980-8EE6-E580AE0F755F}"
EndProject
Project("{FAE04EC0-301F-11D3-BF4B-00C04F79EFBC}") = "Infrastructure", "Infrastructure\Infrastructure.csproj", "{15B8F5C8-FECD-4383-88F9-E0E7B1689F6F}"
EndProject
Global
	GlobalSection(SolutionConfigurationPlatforms) = preSolution
		Debug|Any CPU = Debug|Any CPU
		Release|Any CPU = Release|Any CPU
	EndGlobalSection
	GlobalSection(ProjectConfigurationPlatforms) = postSolution
		{9FB5279B-8B0C-4EC0-A246-1ABFF1528D1F}.Debug|Any CPU.ActiveCfg = Debug|Any CPU
		{9FB5279B-8B0C-4EC0-A246-1ABFF1528D1F}.Debug|Any CPU.Build.0 = Debug|Any CPU
		{9FB5279B-8B0C-4EC0-A246-1ABFF1528D1F}.Release|Any CPU.ActiveCfg = Release|Any CPU
		{9FB5279B-8B0C-4EC0-A246-1ABFF1528D1F}.Release|Any CPU.Build.0 = Release|Any CPU
		{BADE9959-5C76-4980-8EE6-E580AE0F755F}.Debug|Any CPU.ActiveCfg = Debug|Any CPU
		{BADE9959-5C76-4980-8EE6-E580AE0F755F}.Debug|Any CPU.Build.0 = Debug|Any CPU
		{BADE9959-5C76-4980-8EE6-E580AE0F755F}.Release|Any CPU.ActiveCfg = Release|Any CPU
		{BADE9959-5C76-4980-8EE6-E580AE0F755F}.Release|Any CPU.Build.0 = Release|Any CPU
		{15B8F5C8-FECD-4383-88F9-E0E7B1689F6F}.Debug|Any CPU.ActiveCfg = Debug|Any CPU
		{15B8F5C8-FECD-4383-88F9-E0E7B1689F6F}.Debug|Any CPU.Build.0 = Debug|Any CPU
		{15B8F5C8-FECD-4383-88F9-E0E7B1689F6F}.Release|Any CPU.ActiveCfg = Release|Any CPU
		{15B8F5C8-FECD-4383-88F9-E0E7B1689F6F}.Release|Any CPU.Build.0 = Release|Any CPU
	EndGlobalSection
	GlobalSection(SolutionProperties) = preSolution
		HideSolutionNode = FALSE
	EndGlobalSection
	GlobalSection(ExtensibilityGlobals) = postSolution
		SolutionGuid = {8E68A5F1-8063-422F-A150-8F6A502F6F85}
	EndGlobalSection
EndGlobal
